hash: 7f93b295b8679ec2dd202967a39ff342aaa4c01ab698e979d8780313fa3b4d3c
updated: 2017-11-09T10:15:54.51173849+01:00
imports:
- name: github.com/cloudfoundry-community/go-cfenv
  version: f920e9562d5f951cbf11785728f67258c38a10d0
- name: github.com/davecgh/go-spew
  version: 346938d642f2ec3594ed81d874461961cd0faa76
  subpackages:
  - spew
- name: github.com/go-sql-driver/mysql
  version: a0583e0143b1624142adab07e0e97fe106d99561
- name: github.com/gorilla/context
  version: 08b5f424b9271eedf6f9f0ce86cb9396ed337a42
- name: github.com/gorilla/mux
  version: 7f08801859139f86dfafd1c296e2cba9a80d292e
- name: github.com/lib/pq
  version: b609790bd85edf8e9ab7e0f8912750a786177bcf
  subpackages:
  - oid
- name: github.com/mattes/migrate
  version: 8b5365e62cb4ce94f42c2f2866d73aaab092c59d
  subpackages:
  - database
  - database/mysql
  - database/postgres
  - database/sqlite3
  - source
  - source/file
- name: github.com/mattn/go-sqlite3
  version: 5160b48509cf5c877bc22c11c373f8c7738cdb38
- name: github.com/mitchellh/mapstructure
  version: f3009df150dadf309fdee4a54ed65c124afad715
- name: github.com/pmezard/go-difflib
  version: 792786c7400a136282c1664665ae0a8db921c6c2
  subpackages:
  - difflib
- name: github.com/unrolled/render
  version: 32bf1ea2a39e4e796d9040b5cf235258cee978c1
- name: github.com/urfave/negroni
  version: 079cf0c7a6b0145ebcf4103ec90380370cd89917
- name: golang.org/x/net
  version: 7dbad50ab5b31073856416cdcfeb2796d682f844
  subpackages:
  - context
testImports:
- name: github.com/stretchr/testify
  version: 69483b4bd14f5845b5a1e55bca19e954e827f1d0
  subpackages:
  - assert
